
Microsoft Visual Studio Solution File, Format Version 12.00
# Visual Studio 15
VisualStudioVersion = 15.0.27428.1
MinimumVisualStudioVersion = 10.0.40219.1
Project("{FAE04EC0-301F-11D3-BF4B-00C04F79EFBC}") = "EduadminCoursePortal", "EduadminCoursePortal\EduadminCoursePortal.csproj", "{0FC68AFD-E90A-4E8F-A5E4-7DAC97B0451B}"
EndProject
Global
	GlobalSection(SolutionConfigurationPlatforms) = preSolution
		Debug|Any CPU = Debug|Any CPU
		Release|Any CPU = Release|Any CPU
	EndGlobalSection
	GlobalSection(ProjectConfigurationPlatforms) = postSolution
		{0FC68AFD-E90A-4E8F-A5E4-7DAC97B0451B}.Debug|Any CPU.ActiveCfg = Debug|Any CPU
		{0FC68AFD-E90A-4E8F-A5E4-7DAC97B0451B}.Debug|Any CPU.Build.0 = Debug|Any CPU
		{0FC68AFD-E90A-4E8F-A5E4-7DAC97B0451B}.Release|Any CPU.ActiveCfg = Release|Any CPU
		{0FC68AFD-E90A-4E8F-A5E4-7DAC97B0451B}.Release|Any CPU.Build.0 = Release|Any CPU
	EndGlobalSection
	GlobalSection(SolutionProperties) = preSolution
		HideSolutionNode = FALSE
	EndGlobalSection
	GlobalSection(ExtensibilityGlobals) = postSolution
		SolutionGuid = {DEFBC3CD-2CCA-48F4-B3EF-743C7D0E176D}
	EndGlobalSection
EndGlobal
