{
  "name": "myproject",
  "version": "1.0.0",
  "lockfileVersion": 1,
  "requires": true,
  "dependencies": {
    "bootstrap": {
      "version": "4.3.1",
      "resolved": "http://artifactory.satra.multinet.se:8081/artifactory/api/npm/npm/bootstrap/-/bootstrap-4.3.1.tgz",
      "integrity": "sha1-KAyo9hBQTZnXtrS/xLaM7GAXBKw=",
      "dev": true
    },
    "font-awesome": {
      "version": "4.7.0",
      "resolved": "http://artifactory.satra.multinet.se:8081/artifactory/api/npm/npm/font-awesome/-/font-awesome-4.7.0.tgz",
      "integrity": "sha1-j6jPBBGhoxr9B7BtKQK7n8gVoTM=",
      "dev": true
    },
    "jquery": {
      "version": "3.3.1",
      "resolved": "http://artifactory.satra.multinet.se:8081/artifactory/api/npm/npm/jquery/-/jquery-3.3.1.tgz",
      "integrity": "sha1-lYzinoHJeQ8xvneS311NlfxX+8o=",
      "dev": true
    },
    "jquery-ajax-unobtrusive": {
      "version": "3.2.6",
      "resolved": "http://artifactory.satra.multinet.se:8081/artifactory/api/npm/npm/jquery-ajax-unobtrusive/-/jquery-ajax-unobtrusive-3.2.6.tgz",
      "integrity": "sha1-Zb0UCWMBEjmy62eRY/B5Qo3qIng=",
      "dev": true,
      "requires": {
        "jquery": "3.3.1"
      }
    },
    "jquery-validation": {
      "version": "1.19.0",
      "resolved": "http://artifactory.satra.multinet.se:8081/artifactory/api/npm/npm/jquery-validation/-/jquery-validation-1.19.0.tgz",
      "integrity": "sha1-D+3wwEg6AwxP/wcjmImKwYz9bkA=",
      "dev": true,
      "requires": {
        "jquery": "3.3.1"
      }
    },
    "jquery-validation-unobtrusive": {
      "version": "3.2.11",
      "resolved": "http://artifactory.satra.multinet.se:8081/artifactory/api/npm/npm/jquery-validation-unobtrusive/-/jquery-validation-unobtrusive-3.2.11.tgz",
      "integrity": "sha1-F17kY4A4Wg4z7TIPJV+tMh9o+fU=",
      "dev": true,
      "requires": {
        "jquery": "3.3.1",
        "jquery-validation": "1.19.0"
      }
    }
  }
}
